
Microsoft Visual Studio Solution File, Format Version 12.00
# Visual Studio 15
VisualStudioVersion = 15.0.26430.6
MinimumVisualStudioVersion = 10.0.40219.1
Project("{FAE04EC0-301F-11D3-BF4B-00C04F79EFBC}") = "Data Extract Tool", "Data Extract Tool\Data Extract Tool.csproj", "{48D75E58-0F3C-41EC-BF5E-01791C322B07}"
EndProject
Global
	GlobalSection(SolutionConfigurationPlatforms) = preSolution
		Debug|Any CPU = Debug|Any CPU
		Release|Any CPU = Release|Any CPU
	EndGlobalSection
	GlobalSection(ProjectConfigurationPlatforms) = postSolution
		{48D75E58-0F3C-41EC-BF5E-01791C322B07}.Debug|Any CPU.ActiveCfg = Debug|Any CPU
		{48D75E58-0F3C-41EC-BF5E-01791C322B07}.Debug|Any CPU.Build.0 = Debug|Any CPU
		{48D75E58-0F3C-41EC-BF5E-01791C322B07}.Release|Any CPU.ActiveCfg = Release|Any CPU
		{48D75E58-0F3C-41EC-BF5E-01791C322B07}.Release|Any CPU.Build.0 = Release|Any CPU
	EndGlobalSection
	GlobalSection(SolutionProperties) = preSolution
		HideSolutionNode = FALSE
	EndGlobalSection
EndGlobal
